// !$*UTF8*$!
{
	archiveVersion = 1;
	classes = {
	};
	objectVersion = 50;
	objects = {

/* Begin PBXBuildFile section */
		8464946F2122D15600CF2677 /* AppDelegate.swift in Sources */ = {isa = PBXBuildFile; fileRef = 8464946E2122D15600CF2677 /* AppDelegate.swift */; };
		846494712122D15600CF2677 /* RatioViewController.swift in Sources */ = {isa = PBXBuildFile; fileRef = 846494702122D15600CF2677 /* RatioViewController.swift */; };
		846494742122D15600CF2677 /* Main.storyboard in Resources */ = {isa = PBXBuildFile; fileRef = 846494722122D15600CF2677 /* Main.storyboard */; };
		846494762122D15A00CF2677 /* Assets.xcassets in Resources */ = {isa = PBXBuildFile; fileRef = 846494752122D15A00CF2677 /* Assets.xcassets */; };
		846494792122D15A00CF2677 /* LaunchScreen.storyboard in Resources */ = {isa = PBXBuildFile; fileRef = 846494772122D15A00CF2677 /* LaunchScreen.storyboard */; };
		846494852122F79300CF2677 /* PBExchangeTableViewCell.swift in Sources */ = {isa = PBXBuildFile; fileRef = 846494842122F79300CF2677 /* PBExchangeTableViewCell.swift */; };
		8464948721230C3200CF2677 /* NBUExchangeTableViewCell.swift in Sources */ = {isa = PBXBuildFile; fileRef = 8464948621230C3200CF2677 /* NBUExchangeTableViewCell.swift */; };
		846494892123137600CF2677 /* RatioVCModel.swift in Sources */ = {isa = PBXBuildFile; fileRef = 846494882123137600CF2677 /* RatioVCModel.swift */; };
		8464948B2123153700CF2677 /* Currency.swift in Sources */ = {isa = PBXBuildFile; fileRef = 8464948A2123153700CF2677 /* Currency.swift */; };
		8464948D21231BDA00CF2677 /* DatedCurrencyResponce.swift in Sources */ = {isa = PBXBuildFile; fileRef = 8464948C21231BDA00CF2677 /* DatedCurrencyResponce.swift */; };
		8464948F21231C8700CF2677 /* GETKeys.swift in Sources */ = {isa = PBXBuildFile; fileRef = 8464948E21231C8700CF2677 /* GETKeys.swift */; };
		8464949121231DDF00CF2677 /* Responce.swift in Sources */ = {isa = PBXBuildFile; fileRef = 8464949021231DDF00CF2677 /* Responce.swift */; };
		846494942123243300CF2677 /* RatesService.swift in Sources */ = {isa = PBXBuildFile; fileRef = 846494932123243300CF2677 /* RatesService.swift */; };
		84781D5A2123AFCB007C6E53 /* PopoverVC.swift in Sources */ = {isa = PBXBuildFile; fileRef = 84781D592123AFCB007C6E53 /* PopoverVC.swift */; };
/* End PBXBuildFile section */

/* Begin PBXFileReference section */
		8464946B2122D15600CF2677 /* ExchangeRater.app */ = {isa = PBXFileReference; explicitFileType = wrapper.application; includeInIndex = 0; path = ExchangeRater.app; sourceTree = BUILT_PRODUCTS_DIR; };
		8464946E2122D15600CF2677 /* AppDelegate.swift */ = {isa = PBXFileReference; lastKnownFileType = sourcecode.swift; path = AppDelegate.swift; sourceTree = "<group>"; };
		846494702122D15600CF2677 /* RatioViewController.swift */ = {isa = PBXFileReference; lastKnownFileType = sourcecode.swift; path = RatioViewController.swift; sourceTree = "<group>"; };
		846494732122D15600CF2677 /* Base */ = {isa = PBXFileReference; lastKnownFileType = file.storyboard; name = Base; path = Base.lproj/Main.storyboard; sourceTree = "<group>"; };
		846494752122D15A00CF2677 /* Assets.xcassets */ = {isa = PBXFileReference; lastKnownFileType = folder.assetcatalog; path = Assets.xcassets; sourceTree = "<group>"; };
		846494782122D15A00CF2677 /* Base */ = {isa = PBXFileReference; lastKnownFileType = file.storyboard; name = Base; path = Base.lproj/LaunchScreen.storyboard; sourceTree = "<group>"; };
		8464947A2122D15A00CF2677 /* Info.plist */ = {isa = PBXFileReference; lastKnownFileType = text.plist.xml; path = Info.plist; sourceTree = "<group>"; };
		846494842122F79300CF2677 /* PBExchangeTableViewCell.swift */ = {isa = PBXFileReference; lastKnownFileType = sourcecode.swift; path = PBExchangeTableViewCell.swift; sourceTree = "<group>"; };
		8464948621230C3200CF2677 /* NBUExchangeTableViewCell.swift */ = {isa = PBXFileReference; lastKnownFileType = sourcecode.swift; path = NBUExchangeTableViewCell.swift; sourceTree = "<group>"; };
		846494882123137600CF2677 /* RatioVCModel.swift */ = {isa = PBXFileReference; lastKnownFileType = sourcecode.swift; path = RatioVCModel.swift; sourceTree = "<group>"; };
		8464948A2123153700CF2677 /* Currency.swift */ = {isa = PBXFileReference; lastKnownFileType = sourcecode.swift; path = Currency.swift; sourceTree = "<group>"; };
		8464948C21231BDA00CF2677 /* DatedCurrencyResponce.swift */ = {isa = PBXFileReference; lastKnownFileType = sourcecode.swift; path = DatedCurrencyResponce.swift; sourceTree = "<group>"; };
		8464948E21231C8700CF2677 /* GETKeys.swift */ = {isa = PBXFileReference; lastKnownFileType = sourcecode.swift; path = GETKeys.swift; sourceTree = "<group>"; };
		8464949021231DDF00CF2677 /* Responce.swift */ = {isa = PBXFileReference; fileEncoding = 4; lastKnownFileType = sourcecode.swift; path = Responce.swift; sourceTree = "<group>"; };
		846494932123243300CF2677 /* RatesService.swift */ = {isa = PBXFileReference; lastKnownFileType = sourcecode.swift; path = RatesService.swift; sourceTree = "<group>"; };
		84781D592123AFCB007C6E53 /* PopoverVC.swift */ = {isa = PBXFileReference; lastKnownFileType = sourcecode.swift; path = PopoverVC.swift; sourceTree = "<group>"; };
/* End PBXFileReference section */

/* Begin PBXFrameworksBuildPhase section */
		846494682122D15600CF2677 /* Frameworks */ = {
			isa = PBXFrameworksBuildPhase;
			buildActionMask = 2147483647;
			files = (
			);
			runOnlyForDeploymentPostprocessing = 0;
		};
/* End PBXFrameworksBuildPhase section */

/* Begin PBXGroup section */
		846494622122D15600CF2677 = {
			isa = PBXGroup;
			children = (
				8464946D2122D15600CF2677 /* ExchangeRater */,
				8464946C2122D15600CF2677 /* Products */,
			);
			sourceTree = "<group>";
		};
		8464946C2122D15600CF2677 /* Products */ = {
			isa = PBXGroup;
			children = (
				8464946B2122D15600CF2677 /* ExchangeRater.app */,
			);
			name = Products;
			sourceTree = "<group>";
		};
		8464946D2122D15600CF2677 /* ExchangeRater */ = {
			isa = PBXGroup;
			children = (
				84781D5B2123D6BB007C6E53 /* MainVC */,
				84781D592123AFCB007C6E53 /* PopoverVC.swift */,
				84649492212323C300CF2677 /* Services */,
				84781D5C2123D6D3007C6E53 /* Views */,
				84781D5D2123D6EA007C6E53 /* Shared Entities */,
				84781D5E2123D70B007C6E53 /* Other */,
				8464947A2122D15A00CF2677 /* Info.plist */,
			);
			path = ExchangeRater;
			sourceTree = "<group>";
		};
		84649492212323C300CF2677 /* Services */ = {
			isa = PBXGroup;
			children = (
				846494932123243300CF2677 /* RatesService.swift */,
			);
			path = Services;
			sourceTree = "<group>";
		};
		84781D5B2123D6BB007C6E53 /* MainVC */ = {
			isa = PBXGroup;
			children = (
				846494702122D15600CF2677 /* RatioViewController.swift */,
				846494882123137600CF2677 /* RatioVCModel.swift */,
			);
			path = MainVC;
			sourceTree = "<group>";
		};
		84781D5C2123D6D3007C6E53 /* Views */ = {
			isa = PBXGroup;
			children = (
				846494842122F79300CF2677 /* PBExchangeTableViewCell.swift */,
				8464948621230C3200CF2677 /* NBUExchangeTableViewCell.swift */,
			);
			path = Views;
			sourceTree = "<group>";
		};
		84781D5D2123D6EA007C6E53 /* Shared Entities */ = {
			isa = PBXGroup;
			children = (
				8464948A2123153700CF2677 /* Currency.swift */,
				8464948E21231C8700CF2677 /* GETKeys.swift */,
				8464948C21231BDA00CF2677 /* DatedCurrencyResponce.swift */,
				8464949021231DDF00CF2677 /* Responce.swift */,
			);
			path = "Shared Entities";
			sourceTree = "<group>";
		};
		84781D5E2123D70B007C6E53 /* Other */ = {
			isa = PBXGroup;
			children = (
				846494752122D15A00CF2677 /* Assets.xcassets */,
				846494722122D15600CF2677 /* Main.storyboard */,
				846494772122D15A00CF2677 /* LaunchScreen.storyboard */,
				8464946E2122D15600CF2677 /* AppDelegate.swift */,
			);
			path = Other;
			sourceTree = "<group>";
		};
/* End PBXGroup section */

/* Begin PBXNativeTarget section */
		8464946A2122D15600CF2677 /* ExchangeRater */ = {
			isa = PBXNativeTarget;
			buildConfigurationList = 8464947D2122D15A00CF2677 /* Build configuration list for PBXNativeTarget "ExchangeRater" */;
			buildPhases = (
				846494672122D15600CF2677 /* Sources */,
				846494682122D15600CF2677 /* Frameworks */,
				846494692122D15600CF2677 /* Resources */,
			);
			buildRules = (
			);
			dependencies = (
			);
			name = ExchangeRater;
			productName = ExchangeRater;
			productReference = 8464946B2122D15600CF2677 /* ExchangeRater.app */;
			productType = "com.apple.product-type.application";
		};
/* End PBXNativeTarget section */

/* Begin PBXProject section */
		846494632122D15600CF2677 /* Project object */ = {
			isa = PBXProject;
			attributes = {
				LastSwiftUpdateCheck = 0940;
				LastUpgradeCheck = 0940;
				ORGANIZATIONNAME = "Рома Сорока";
				TargetAttributes = {
					8464946A2122D15600CF2677 = {
						CreatedOnToolsVersion = 9.4.1;
					};
				};
			};
			buildConfigurationList = 846494662122D15600CF2677 /* Build configuration list for PBXProject "ExchangeRater" */;
			compatibilityVersion = "Xcode 9.3";
			developmentRegion = en;
			hasScannedForEncodings = 0;
			knownRegions = (
				en,
				Base,
			);
			mainGroup = 846494622122D15600CF2677;
			productRefGroup = 8464946C2122D15600CF2677 /* Products */;
			projectDirPath = "";
			projectRoot = "";
			targets = (
				8464946A2122D15600CF2677 /* ExchangeRater */,
			);
		};
/* End PBXProject section */

/* Begin PBXResourcesBuildPhase section */
		846494692122D15600CF2677 /* Resources */ = {
			isa = PBXResourcesBuildPhase;
			buildActionMask = 2147483647;
			files = (
				846494792122D15A00CF2677 /* LaunchScreen.storyboard in Resources */,
				846494762122D15A00CF2677 /* Assets.xcassets in Resources */,
				846494742122D15600CF2677 /* Main.storyboard in Resources */,
			);
			runOnlyForDeploymentPostprocessing = 0;
		};
/* End PBXResourcesBuildPhase section */

/* Begin PBXSourcesBuildPhase section */
		846494672122D15600CF2677 /* Sources */ = {
			isa = PBXSourcesBuildPhase;
			buildActionMask = 2147483647;
			files = (
				84781D5A2123AFCB007C6E53 /* PopoverVC.swift in Sources */,
				8464948B2123153700CF2677 /* Currency.swift in Sources */,
				846494942123243300CF2677 /* RatesService.swift in Sources */,
				846494852122F79300CF2677 /* PBExchangeTableViewCell.swift in Sources */,
				8464948F21231C8700CF2677 /* GETKeys.swift in Sources */,
				8464948D21231BDA00CF2677 /* DatedCurrencyResponce.swift in Sources */,
				8464948721230C3200CF2677 /* NBUExchangeTableViewCell.swift in Sources */,
				846494712122D15600CF2677 /* RatioViewController.swift in Sources */,
				8464946F2122D15600CF2677 /* AppDelegate.swift in Sources */,
				846494892123137600CF2677 /* RatioVCModel.swift in Sources */,
				8464949121231DDF00CF2677 /* Responce.swift in Sources */,
			);
			runOnlyForDeploymentPostprocessing = 0;
		};
/* End PBXSourcesBuildPhase section */

/* Begin PBXVariantGroup section */
		846494722122D15600CF2677 /* Main.storyboard */ = {
			isa = PBXVariantGroup;
			children = (
				846494732122D15600CF2677 /* Base */,
			);
			name = Main.storyboard;
			sourceTree = "<group>";
		};
		846494772122D15A00CF2677 /* LaunchScreen.storyboard */ = {
			isa = PBXVariantGroup;
			children = (
				846494782122D15A00CF2677 /* Base */,
			);
			name = LaunchScreen.storyboard;
			sourceTree = "<group>";
		};
/* End PBXVariantGroup section */

/* Begin XCBuildConfiguration section */
		8464947B2122D15A00CF2677 /* Debug */ = {
			isa = XCBuildConfiguration;
			buildSettings = {
				ALWAYS_SEARCH_USER_PATHS = NO;
				CLANG_ANALYZER_NONNULL = YES;
				CLANG_ANALYZER_NUMBER_OBJECT_CONVERSION = YES_AGGRESSIVE;
				CLANG_CXX_LANGUAGE_STANDARD = "gnu++14";
				CLANG_CXX_LIBRARY = "libc++";
				CLANG_ENABLE_MODULES = YES;
				CLANG_ENABLE_OBJC_ARC = YES;
				CLANG_ENABLE_OBJC_WEAK = YES;
				CLANG_WARN_BLOCK_CAPTURE_AUTORELEASING = YES;
				CLANG_WARN_BOOL_CONVERSION = YES;
				CLANG_WARN_COMMA = YES;
				CLANG_WARN_CONSTANT_CONVERSION = YES;
				CLANG_WARN_DEPRECATED_OBJC_IMPLEMENTATIONS = YES;
				CLANG_WARN_DIRECT_OBJC_ISA_USAGE = YES_ERROR;
				CLANG_WARN_DOCUMENTATION_COMMENTS = YES;
				CLANG_WARN_EMPTY_BODY = YES;
				CLANG_WARN_ENUM_CONVERSION = YES;
				CLANG_WARN_INFINITE_RECURSION = YES;
				CLANG_WARN_INT_CONVERSION = YES;
				CLANG_WARN_NON_LITERAL_NULL_CONVERSION = YES;
				CLANG_WARN_OBJC_IMPLICIT_RETAIN_SELF = YES;
				CLANG_WARN_OBJC_LITERAL_CONVERSION = YES;
				CLANG_WARN_OBJC_ROOT_CLASS = YES_ERROR;
				CLANG_WARN_RANGE_LOOP_ANALYSIS = YES;
				CLANG_WARN_STRICT_PROTOTYPES = YES;
				CLANG_WARN_SUSPICIOUS_MOVE = YES;
				CLANG_WARN_UNGUARDED_AVAILABILITY = YES_AGGRESSIVE;
				CLANG_WARN_UNREACHABLE_CODE = YES;
				CLANG_WARN__DUPLICATE_METHOD_MATCH = YES;
				CODE_SIGN_IDENTITY = "iPhone Developer";
				COPY_PHASE_STRIP = NO;
				DEBUG_INFORMATION_FORMAT = dwarf;
				ENABLE_STRICT_OBJC_MSGSEND = YES;
				ENABLE_TESTABILITY = YES;
				GCC_C_LANGUAGE_STANDARD = gnu11;
				GCC_DYNAMIC_NO_PIC = NO;
				GCC_NO_COMMON_BLOCKS = YES;
				GCC_OPTIMIZATION_LEVEL = 0;
				GCC_PREPROCESSOR_DEFINITIONS = (
					"DEBUG=1",
					"$(inherited)",
				);
				GCC_WARN_64_TO_32_BIT_CONVERSION = YES;
				GCC_WARN_ABOUT_RETURN_TYPE = YES_ERROR;
				GCC_WARN_UNDECLARED_SELECTOR = YES;
				GCC_WARN_UNINITIALIZED_AUTOS = YES_AGGRESSIVE;
				GCC_WARN_UNUSED_FUNCTION = YES;
				GCC_WARN_UNUSED_VARIABLE = YES;
				IPHONEOS_DEPLOYMENT_TARGET = 11.4;
				MTL_ENABLE_DEBUG_INFO = YES;
				ONLY_ACTIVE_ARCH = YES;
				SDKROOT = iphoneos;
				SWIFT_ACTIVE_COMPILATION_CONDITIONS = DEBUG;
				SWIFT_OPTIMIZATION_LEVEL = "-Onone";
			};
			name = Debug;
		};
		8464947C2122D15A00CF2677 /* Release */ = {
			isa = XCBuildConfiguration;
			buildSettings = {
				ALWAYS_SEARCH_USER_PATHS = NO;
				CLANG_ANALYZER_NONNULL = YES;
				CLANG_ANALYZER_NUMBER_OBJECT_CONVERSION = YES_AGGRESSIVE;
				CLANG_CXX_LANGUAGE_STANDARD = "gnu++14";
				CLANG_CXX_LIBRARY = "libc++";
				CLANG_ENABLE_MODULES = YES;
				CLANG_ENABLE_OBJC_ARC = YES;
				CLANG_ENABLE_OBJC_WEAK = YES;
				CLANG_WARN_BLOCK_CAPTURE_AUTORELEASING = YES;
				CLANG_WARN_BOOL_CONVERSION = YES;
				CLANG_WARN_COMMA = YES;
				CLANG_WARN_CONSTANT_CONVERSION = YES;
				CLANG_WARN_DEPRECATED_OBJC_IMPLEMENTATIONS = YES;
				CLANG_WARN_DIRECT_OBJC_ISA_USAGE = YES_ERROR;
				CLANG_WARN_DOCUMENTATION_COMMENTS = YES;
				CLANG_WARN_EMPTY_BODY = YES;
				CLANG_WARN_ENUM_CONVERSION = YES;
				CLANG_WARN_INFINITE_RECURSION = YES;
				CLANG_WARN_INT_CONVERSION = YES;
				CLANG_WARN_NON_LITERAL_NULL_CONVERSION = YES;
				CLANG_WARN_OBJC_IMPLICIT_RETAIN_SELF = YES;
				CLANG_WARN_OBJC_LITERAL_CONVERSION = YES;
				CLANG_WARN_OBJC_ROOT_CLASS = YES_ERROR;
				CLANG_WARN_RANGE_LOOP_ANALYSIS = YES;
				CLANG_WARN_STRICT_PROTOTYPES = YES;
				CLANG_WARN_SUSPICIOUS_MOVE = YES;
				CLANG_WARN_UNGUARDED_AVAILABILITY = YES_AGGRESSIVE;
				CLANG_WARN_UNREACHABLE_CODE = YES;
				CLANG_WARN__DUPLICATE_METHOD_MATCH = YES;
				CODE_SIGN_IDENTITY = "iPhone Developer";
				COPY_PHASE_STRIP = NO;
				DEBUG_INFORMATION_FORMAT = "dwarf-with-dsym";
				ENABLE_NS_ASSERTIONS = NO;
				ENABLE_STRICT_OBJC_MSGSEND = YES;
				GCC_C_LANGUAGE_STANDARD = gnu11;
				GCC_NO_COMMON_BLOCKS = YES;
				GCC_WARN_64_TO_32_BIT_CONVERSION = YES;
				GCC_WARN_ABOUT_RETURN_TYPE = YES_ERROR;
				GCC_WARN_UNDECLARED_SELECTOR = YES;
				GCC_WARN_UNINITIALIZED_AUTOS = YES_AGGRESSIVE;
				GCC_WARN_UNUSED_FUNCTION = YES;
				GCC_WARN_UNUSED_VARIABLE = YES;
				IPHONEOS_DEPLOYMENT_TARGET = 11.4;
				MTL_ENABLE_DEBUG_INFO = NO;
				SDKROOT = iphoneos;
				SWIFT_COMPILATION_MODE = wholemodule;
				SWIFT_OPTIMIZATION_LEVEL = "-O";
				VALIDATE_PRODUCT = YES;
			};
			name = Release;
		};
		8464947E2122D15A00CF2677 /* Debug */ = {
			isa = XCBuildConfiguration;
			buildSettings = {
				ASSETCATALOG_COMPILER_APPICON_NAME = AppIcon;
				CODE_SIGN_STYLE = Automatic;
				DEVELOPMENT_TEAM = 3294FG6EGE;
				INFOPLIST_FILE = ExchangeRater/Info.plist;
				LD_RUNPATH_SEARCH_PATHS = (
					"$(inherited)",
					"@executable_path/Frameworks",
				);
				PRODUCT_BUNDLE_IDENTIFIER = com.enokonot.ExchangeRater;
				PRODUCT_NAME = "$(TARGET_NAME)";
				SWIFT_VERSION = 4.0;
				TARGETED_DEVICE_FAMILY = "1,2";
			};
			name = Debug;
		};
		8464947F2122D15A00CF2677 /* Release */ = {
			isa = XCBuildConfiguration;
			buildSettings = {
				ASSETCATALOG_COMPILER_APPICON_NAME = AppIcon;
				CODE_SIGN_STYLE = Automatic;
				DEVELOPMENT_TEAM = 3294FG6EGE;
				INFOPLIST_FILE = ExchangeRater/Info.plist;
				LD_RUNPATH_SEARCH_PATHS = (
					"$(inherited)",
					"@executable_path/Frameworks",
				);
				PRODUCT_BUNDLE_IDENTIFIER = com.enokonot.ExchangeRater;
				PRODUCT_NAME = "$(TARGET_NAME)";
				SWIFT_VERSION = 4.0;
				TARGETED_DEVICE_FAMILY = "1,2";
			};
			name = Release;
		};
/* End XCBuildConfiguration section */

/* Begin XCConfigurationList section */
		846494662122D15600CF2677 /* Build configuration list for PBXProject "ExchangeRater" */ = {
			isa = XCConfigurationList;
			buildConfigurations = (
				8464947B2122D15A00CF2677 /* Debug */,
				8464947C2122D15A00CF2677 /* Release */,
			);
			defaultConfigurationIsVisible = 0;
			defaultConfigurationName = Release;
		};
		8464947D2122D15A00CF2677 /* Build configuration list for PBXNativeTarget "ExchangeRater" */ = {
			isa = XCConfigurationList;
			buildConfigurations = (
				8464947E2122D15A00CF2677 /* Debug */,
				8464947F2122D15A00CF2677 /* Release */,
			);
			defaultConfigurationIsVisible = 0;
			defaultConfigurationName = Release;
		};
/* End XCConfigurationList section */
	};
	rootObject = 846494632122D15600CF2677 /* Project object */;
}
